
Microsoft Visual Studio Solution File, Format Version 12.00
# Visual Studio Version 16
VisualStudioVersion = 16.0.29424.173
MinimumVisualStudioVersion = 10.0.40219.1
Project("{9A19103F-16F7-4668-BE54-9A1E7A4F7556}") = "SomeKindOfGame", "SomeKindOfGame\SomeKindOfGame.csproj", "{94513E9D-DEDC-4E30-A2C5-97D3CD5C861D}"
EndProject
Project("{00D1A9C2-B5F0-4AF3-8072-F6C62B433612}") = "IzeronDATA", "IzeronDATA\IzeronDATA.sqlproj", "{78D190E2-91BA-4D31-8442-9E52A289CA33}"
EndProject
Project("{9A19103F-16F7-4668-BE54-9A1E7A4F7556}") = "QuestHandlerSystem.Library", "QuesHandlerSystem.Library\QuestHandlerSystem.Library.csproj", "{F30557F9-5450-40C5-AD8A-5682648B7C2C}"
EndProject
Project("{9A19103F-16F7-4668-BE54-9A1E7A4F7556}") = "QuestEditorApplication", "QuestEditorApplication\QuestEditorApplication.csproj", "{6725120F-88F2-4840-993A-2CC33714A35E}"
EndProject
Project("{9A19103F-16F7-4668-BE54-9A1E7A4F7556}") = "Izeron.Library", "Izeron.Library\Izeron.Library.csproj", "{93F5DCA1-7BA3-4253-9526-E5BE1A45A4BA}"
EndProject
Project("{9A19103F-16F7-4668-BE54-9A1E7A4F7556}") = "GameCenter.Library", "GameCenter.Library\GameCenter.Library.csproj", "{9B7FF6EE-62DA-4E2D-AFE0-DCC568730109}"
EndProject
Project("{9A19103F-16F7-4668-BE54-9A1E7A4F7556}") = "GameLogic.Library", "GameLogic.Library\GameLogic.Library.csproj", "{B18CE1C9-BE5B-4B31-AC21-C057B50BE9ED}"
EndProject
Project("{9A19103F-16F7-4668-BE54-9A1E7A4F7556}") = "Izeron.Library.Tests", "Izeron.Library.Tests\Izeron.Library.Tests.csproj", "{1916C73F-D4FD-4F06-B57E-B1F037D71C5E}"
EndProject
Project("{FAE04EC0-301F-11D3-BF4B-00C04F79EFBC}") = "GameEditor", "GameEditor\GameEditor.csproj", "{60FC16D5-4CE3-4C1F-B056-DE03B496CC9C}"
EndProject
Global
	GlobalSection(SolutionConfigurationPlatforms) = preSolution
		Debug|Any CPU = Debug|Any CPU
		Release|Any CPU = Release|Any CPU
	EndGlobalSection
	GlobalSection(ProjectConfigurationPlatforms) = postSolution
		{94513E9D-DEDC-4E30-A2C5-97D3CD5C861D}.Debug|Any CPU.ActiveCfg = Debug|Any CPU
		{94513E9D-DEDC-4E30-A2C5-97D3CD5C861D}.Debug|Any CPU.Build.0 = Debug|Any CPU
		{94513E9D-DEDC-4E30-A2C5-97D3CD5C861D}.Release|Any CPU.ActiveCfg = Release|Any CPU
		{94513E9D-DEDC-4E30-A2C5-97D3CD5C861D}.Release|Any CPU.Build.0 = Release|Any CPU
		{78D190E2-91BA-4D31-8442-9E52A289CA33}.Debug|Any CPU.ActiveCfg = Debug|Any CPU
		{78D190E2-91BA-4D31-8442-9E52A289CA33}.Debug|Any CPU.Build.0 = Debug|Any CPU
		{78D190E2-91BA-4D31-8442-9E52A289CA33}.Debug|Any CPU.Deploy.0 = Debug|Any CPU
		{78D190E2-91BA-4D31-8442-9E52A289CA33}.Release|Any CPU.ActiveCfg = Release|Any CPU
		{78D190E2-91BA-4D31-8442-9E52A289CA33}.Release|Any CPU.Build.0 = Release|Any CPU
		{78D190E2-91BA-4D31-8442-9E52A289CA33}.Release|Any CPU.Deploy.0 = Release|Any CPU
		{F30557F9-5450-40C5-AD8A-5682648B7C2C}.Debug|Any CPU.ActiveCfg = Debug|Any CPU
		{F30557F9-5450-40C5-AD8A-5682648B7C2C}.Debug|Any CPU.Build.0 = Debug|Any CPU
		{F30557F9-5450-40C5-AD8A-5682648B7C2C}.Release|Any CPU.ActiveCfg = Release|Any CPU
		{F30557F9-5450-40C5-AD8A-5682648B7C2C}.Release|Any CPU.Build.0 = Release|Any CPU
		{6725120F-88F2-4840-993A-2CC33714A35E}.Debug|Any CPU.ActiveCfg = Debug|Any CPU
		{6725120F-88F2-4840-993A-2CC33714A35E}.Debug|Any CPU.Build.0 = Debug|Any CPU
		{6725120F-88F2-4840-993A-2CC33714A35E}.Release|Any CPU.ActiveCfg = Release|Any CPU
		{6725120F-88F2-4840-993A-2CC33714A35E}.Release|Any CPU.Build.0 = Release|Any CPU
		{93F5DCA1-7BA3-4253-9526-E5BE1A45A4BA}.Debug|Any CPU.ActiveCfg = Debug|Any CPU
		{93F5DCA1-7BA3-4253-9526-E5BE1A45A4BA}.Debug|Any CPU.Build.0 = Debug|Any CPU
		{93F5DCA1-7BA3-4253-9526-E5BE1A45A4BA}.Release|Any CPU.ActiveCfg = Release|Any CPU
		{93F5DCA1-7BA3-4253-9526-E5BE1A45A4BA}.Release|Any CPU.Build.0 = Release|Any CPU
		{9B7FF6EE-62DA-4E2D-AFE0-DCC568730109}.Debug|Any CPU.ActiveCfg = Debug|Any CPU
		{9B7FF6EE-62DA-4E2D-AFE0-DCC568730109}.Debug|Any CPU.Build.0 = Debug|Any CPU
		{9B7FF6EE-62DA-4E2D-AFE0-DCC568730109}.Release|Any CPU.ActiveCfg = Release|Any CPU
		{9B7FF6EE-62DA-4E2D-AFE0-DCC568730109}.Release|Any CPU.Build.0 = Release|Any CPU
		{B18CE1C9-BE5B-4B31-AC21-C057B50BE9ED}.Debug|Any CPU.ActiveCfg = Debug|Any CPU
		{B18CE1C9-BE5B-4B31-AC21-C057B50BE9ED}.Debug|Any CPU.Build.0 = Debug|Any CPU
		{B18CE1C9-BE5B-4B31-AC21-C057B50BE9ED}.Release|Any CPU.ActiveCfg = Release|Any CPU
		{B18CE1C9-BE5B-4B31-AC21-C057B50BE9ED}.Release|Any CPU.Build.0 = Release|Any CPU
		{1916C73F-D4FD-4F06-B57E-B1F037D71C5E}.Debug|Any CPU.ActiveCfg = Debug|Any CPU
		{1916C73F-D4FD-4F06-B57E-B1F037D71C5E}.Debug|Any CPU.Build.0 = Debug|Any CPU
		{1916C73F-D4FD-4F06-B57E-B1F037D71C5E}.Release|Any CPU.ActiveCfg = Release|Any CPU
		{1916C73F-D4FD-4F06-B57E-B1F037D71C5E}.Release|Any CPU.Build.0 = Release|Any CPU
		{60FC16D5-4CE3-4C1F-B056-DE03B496CC9C}.Debug|Any CPU.ActiveCfg = Debug|Any CPU
		{60FC16D5-4CE3-4C1F-B056-DE03B496CC9C}.Debug|Any CPU.Build.0 = Debug|Any CPU
		{60FC16D5-4CE3-4C1F-B056-DE03B496CC9C}.Release|Any CPU.ActiveCfg = Release|Any CPU
		{60FC16D5-4CE3-4C1F-B056-DE03B496CC9C}.Release|Any CPU.Build.0 = Release|Any CPU
	EndGlobalSection
	GlobalSection(SolutionProperties) = preSolution
		HideSolutionNode = FALSE
	EndGlobalSection
	GlobalSection(ExtensibilityGlobals) = postSolution
		SolutionGuid = {FE111E7F-A1B4-458B-B39B-A40D0EC208D9}
	EndGlobalSection
EndGlobal
